// !$*UTF8*$!
{
	archiveVersion = 1;
	classes = {
	};
	objectVersion = 56;
	objects = {

/* Begin PBXBuildFile section */
		A787A0A529EA4A4000B8B9D7 /* AppDelegate.swift in Sources */ = {isa = PBXBuildFile; fileRef = A787A0A429EA4A4000B8B9D7 /* AppDelegate.swift */; };
		A787A0A729EA4A4000B8B9D7 /* SceneDelegate.swift in Sources */ = {isa = PBXBuildFile; fileRef = A787A0A629EA4A4000B8B9D7 /* SceneDelegate.swift */; };
		A787A0A929EA4A4000B8B9D7 /* ViewController.swift in Sources */ = {isa = PBXBuildFile; fileRef = A787A0A829EA4A4000B8B9D7 /* ViewController.swift */; };
		A787A0AC29EA4A4000B8B9D7 /* Main.storyboard in Resources */ = {isa = PBXBuildFile; fileRef = A787A0AA29EA4A4000B8B9D7 /* Main.storyboard */; };
		A787A0AE29EA4A4300B8B9D7 /* Assets.xcassets in Resources */ = {isa = PBXBuildFile; fileRef = A787A0AD29EA4A4300B8B9D7 /* Assets.xcassets */; };
		A787A0B129EA4A4300B8B9D7 /* LaunchScreen.storyboard in Resources */ = {isa = PBXBuildFile; fileRef = A787A0AF29EA4A4300B8B9D7 /* LaunchScreen.storyboard */; };
		A787A0BF29EA530400B8B9D7 /* UserTableViewCell.swift in Sources */ = {isa = PBXBuildFile; fileRef = A787A0BD29EA530400B8B9D7 /* UserTableViewCell.swift */; };
		A787A0C029EA530400B8B9D7 /* UserTableViewCell.xib in Resources */ = {isa = PBXBuildFile; fileRef = A787A0BE29EA530400B8B9D7 /* UserTableViewCell.xib */; };
		A787A0C329EA56E900B8B9D7 /* UserViewModel.swift in Sources */ = {isa = PBXBuildFile; fileRef = A787A0C229EA56E900B8B9D7 /* UserViewModel.swift */; };
		A787A0C629EA578D00B8B9D7 /* NetworkManager.swift in Sources */ = {isa = PBXBuildFile; fileRef = A787A0C529EA578D00B8B9D7 /* NetworkManager.swift */; };
		A787A0C929EA5AD100B8B9D7 /* Product.swift in Sources */ = {isa = PBXBuildFile; fileRef = A787A0C829EA5AD100B8B9D7 /* Product.swift */; };
/* End PBXBuildFile section */

/* Begin PBXFileReference section */
		A787A0A129EA4A4000B8B9D7 /* DemoMVVM.app */ = {isa = PBXFileReference; explicitFileType = wrapper.application; includeInIndex = 0; path = DemoMVVM.app; sourceTree = BUILT_PRODUCTS_DIR; };
		A787A0A429EA4A4000B8B9D7 /* AppDelegate.swift */ = {isa = PBXFileReference; lastKnownFileType = sourcecode.swift; path = AppDelegate.swift; sourceTree = "<group>"; };
		A787A0A629EA4A4000B8B9D7 /* SceneDelegate.swift */ = {isa = PBXFileReference; lastKnownFileType = sourcecode.swift; path = SceneDelegate.swift; sourceTree = "<group>"; };
		A787A0A829EA4A4000B8B9D7 /* ViewController.swift */ = {isa = PBXFileReference; lastKnownFileType = sourcecode.swift; path = ViewController.swift; sourceTree = "<group>"; };
		A787A0AB29EA4A4000B8B9D7 /* Base */ = {isa = PBXFileReference; lastKnownFileType = file.storyboard; name = Base; path = Base.lproj/Main.storyboard; sourceTree = "<group>"; };
		A787A0AD29EA4A4300B8B9D7 /* Assets.xcassets */ = {isa = PBXFileReference; lastKnownFileType = folder.assetcatalog; path = Assets.xcassets; sourceTree = "<group>"; };
		A787A0B029EA4A4300B8B9D7 /* Base */ = {isa = PBXFileReference; lastKnownFileType = file.storyboard; name = Base; path = Base.lproj/LaunchScreen.storyboard; sourceTree = "<group>"; };
		A787A0B229EA4A4300B8B9D7 /* Info.plist */ = {isa = PBXFileReference; lastKnownFileType = text.plist.xml; path = Info.plist; sourceTree = "<group>"; };
		A787A0BD29EA530400B8B9D7 /* UserTableViewCell.swift */ = {isa = PBXFileReference; lastKnownFileType = sourcecode.swift; path = UserTableViewCell.swift; sourceTree = "<group>"; };
		A787A0BE29EA530400B8B9D7 /* UserTableViewCell.xib */ = {isa = PBXFileReference; lastKnownFileType = file.xib; path = UserTableViewCell.xib; sourceTree = "<group>"; };
		A787A0C229EA56E900B8B9D7 /* UserViewModel.swift */ = {isa = PBXFileReference; lastKnownFileType = sourcecode.swift; path = UserViewModel.swift; sourceTree = "<group>"; };
		A787A0C529EA578D00B8B9D7 /* NetworkManager.swift */ = {isa = PBXFileReference; lastKnownFileType = sourcecode.swift; path = NetworkManager.swift; sourceTree = "<group>"; };
		A787A0C829EA5AD100B8B9D7 /* Product.swift */ = {isa = PBXFileReference; lastKnownFileType = sourcecode.swift; path = Product.swift; sourceTree = "<group>"; };
/* End PBXFileReference section */

/* Begin PBXFrameworksBuildPhase section */
		A787A09E29EA4A4000B8B9D7 /* Frameworks */ = {
			isa = PBXFrameworksBuildPhase;
			buildActionMask = 2147483647;
			files = (
			);
			runOnlyForDeploymentPostprocessing = 0;
		};
/* End PBXFrameworksBuildPhase section */

/* Begin PBXGroup section */
		A787A09829EA4A4000B8B9D7 = {
			isa = PBXGroup;
			children = (
				A787A0A329EA4A4000B8B9D7 /* DemoMVVM */,
				A787A0A229EA4A4000B8B9D7 /* Products */,
			);
			sourceTree = "<group>";
		};
		A787A0A229EA4A4000B8B9D7 /* Products */ = {
			isa = PBXGroup;
			children = (
				A787A0A129EA4A4000B8B9D7 /* DemoMVVM.app */,
			);
			name = Products;
			sourceTree = "<group>";
		};
		A787A0A329EA4A4000B8B9D7 /* DemoMVVM */ = {
			isa = PBXGroup;
			children = (
				A787A0C729EA5ABA00B8B9D7 /* Model */,
				A787A0C429EA577200B8B9D7 /* Managers */,
				A787A0C129EA56B200B8B9D7 /* ViewModel */,
				A787A0BA29EA527A00B8B9D7 /* Cell */,
				A787A0A429EA4A4000B8B9D7 /* AppDelegate.swift */,
				A787A0A629EA4A4000B8B9D7 /* SceneDelegate.swift */,
				A787A0A829EA4A4000B8B9D7 /* ViewController.swift */,
				A787A0AA29EA4A4000B8B9D7 /* Main.storyboard */,
				A787A0AD29EA4A4300B8B9D7 /* Assets.xcassets */,
				A787A0AF29EA4A4300B8B9D7 /* LaunchScreen.storyboard */,
				A787A0B229EA4A4300B8B9D7 /* Info.plist */,
			);
			path = DemoMVVM;
			sourceTree = "<group>";
		};
		A787A0BA29EA527A00B8B9D7 /* Cell */ = {
			isa = PBXGroup;
			children = (
				A787A0BD29EA530400B8B9D7 /* UserTableViewCell.swift */,
				A787A0BE29EA530400B8B9D7 /* UserTableViewCell.xib */,
			);
			path = Cell;
			sourceTree = "<group>";
		};
		A787A0C129EA56B200B8B9D7 /* ViewModel */ = {
			isa = PBXGroup;
			children = (
				A787A0C229EA56E900B8B9D7 /* UserViewModel.swift */,
			);
			path = ViewModel;
			sourceTree = "<group>";
		};
		A787A0C429EA577200B8B9D7 /* Managers */ = {
			isa = PBXGroup;
			children = (
				A787A0C529EA578D00B8B9D7 /* NetworkManager.swift */,
			);
			path = Managers;
			sourceTree = "<group>";
		};
		A787A0C729EA5ABA00B8B9D7 /* Model */ = {
			isa = PBXGroup;
			children = (
				A787A0C829EA5AD100B8B9D7 /* Product.swift */,
			);
			path = Model;
			sourceTree = "<group>";
		};
/* End PBXGroup section */

/* Begin PBXNativeTarget section */
		A787A0A029EA4A4000B8B9D7 /* DemoMVVM */ = {
			isa = PBXNativeTarget;
			buildConfigurationList = A787A0B529EA4A4300B8B9D7 /* Build configuration list for PBXNativeTarget "DemoMVVM" */;
			buildPhases = (
				A787A09D29EA4A4000B8B9D7 /* Sources */,
				A787A09E29EA4A4000B8B9D7 /* Frameworks */,
				A787A09F29EA4A4000B8B9D7 /* Resources */,
			);
			buildRules = (
			);
			dependencies = (
			);
			name = DemoMVVM;
			productName = DemoMVVM;
			productReference = A787A0A129EA4A4000B8B9D7 /* DemoMVVM.app */;
			productType = "com.apple.product-type.application";
		};
/* End PBXNativeTarget section */

/* Begin PBXProject section */
		A787A09929EA4A4000B8B9D7 /* Project object */ = {
			isa = PBXProject;
			attributes = {
				BuildIndependentTargetsInParallel = 1;
				LastSwiftUpdateCheck = 1420;
				LastUpgradeCheck = 1420;
				TargetAttributes = {
					A787A0A029EA4A4000B8B9D7 = {
						CreatedOnToolsVersion = 14.2;
					};
				};
			};
			buildConfigurationList = A787A09C29EA4A4000B8B9D7 /* Build configuration list for PBXProject "DemoMVVM" */;
			compatibilityVersion = "Xcode 14.0";
			developmentRegion = en;
			hasScannedForEncodings = 0;
			knownRegions = (
				en,
				Base,
			);
			mainGroup = A787A09829EA4A4000B8B9D7;
			productRefGroup = A787A0A229EA4A4000B8B9D7 /* Products */;
			projectDirPath = "";
			projectRoot = "";
			targets = (
				A787A0A029EA4A4000B8B9D7 /* DemoMVVM */,
			);
		};
/* End PBXProject section */

/* Begin PBXResourcesBuildPhase section */
		A787A09F29EA4A4000B8B9D7 /* Resources */ = {
			isa = PBXResourcesBuildPhase;
			buildActionMask = 2147483647;
			files = (
				A787A0C029EA530400B8B9D7 /* UserTableViewCell.xib in Resources */,
				A787A0B129EA4A4300B8B9D7 /* LaunchScreen.storyboard in Resources */,
				A787A0AE29EA4A4300B8B9D7 /* Assets.xcassets in Resources */,
				A787A0AC29EA4A4000B8B9D7 /* Main.storyboard in Resources */,
			);
			runOnlyForDeploymentPostprocessing = 0;
		};
/* End PBXResourcesBuildPhase section */

/* Begin PBXSourcesBuildPhase section */
		A787A09D29EA4A4000B8B9D7 /* Sources */ = {
			isa = PBXSourcesBuildPhase;
			buildActionMask = 2147483647;
			files = (
				A787A0C629EA578D00B8B9D7 /* NetworkManager.swift in Sources */,
				A787A0BF29EA530400B8B9D7 /* UserTableViewCell.swift in Sources */,
				A787A0A929EA4A4000B8B9D7 /* ViewController.swift in Sources */,
				A787A0A529EA4A4000B8B9D7 /* AppDelegate.swift in Sources */,
				A787A0C329EA56E900B8B9D7 /* UserViewModel.swift in Sources */,
				A787A0A729EA4A4000B8B9D7 /* SceneDelegate.swift in Sources */,
				A787A0C929EA5AD100B8B9D7 /* Product.swift in Sources */,
			);
			runOnlyForDeploymentPostprocessing = 0;
		};
/* End PBXSourcesBuildPhase section */

/* Begin PBXVariantGroup section */
		A787A0AA29EA4A4000B8B9D7 /* Main.storyboard */ = {
			isa = PBXVariantGroup;
			children = (
				A787A0AB29EA4A4000B8B9D7 /* Base */,
			);
			name = Main.storyboard;
			sourceTree = "<group>";
		};
		A787A0AF29EA4A4300B8B9D7 /* LaunchScreen.storyboard */ = {
			isa = PBXVariantGroup;
			children = (
				A787A0B029EA4A4300B8B9D7 /* Base */,
			);
			name = LaunchScreen.storyboard;
			sourceTree = "<group>";
		};
/* End PBXVariantGroup section */

/* Begin XCBuildConfiguration section */
		A787A0B329EA4A4300B8B9D7 /* Debug */ = {
			isa = XCBuildConfiguration;
			buildSettings = {
				ALWAYS_SEARCH_USER_PATHS = NO;
				CLANG_ANALYZER_NONNULL = YES;
				CLANG_ANALYZER_NUMBER_OBJECT_CONVERSION = YES_AGGRESSIVE;
				CLANG_CXX_LANGUAGE_STANDARD = "gnu++20";
				CLANG_ENABLE_MODULES = YES;
				CLANG_ENABLE_OBJC_ARC = YES;
				CLANG_ENABLE_OBJC_WEAK = YES;
				CLANG_WARN_BLOCK_CAPTURE_AUTORELEASING = YES;
				CLANG_WARN_BOOL_CONVERSION = YES;
				CLANG_WARN_COMMA = YES;
				CLANG_WARN_CONSTANT_CONVERSION = YES;
				CLANG_WARN_DEPRECATED_OBJC_IMPLEMENTATIONS = YES;
				CLANG_WARN_DIRECT_OBJC_ISA_USAGE = YES_ERROR;
				CLANG_WARN_DOCUMENTATION_COMMENTS = YES;
				CLANG_WARN_EMPTY_BODY = YES;
				CLANG_WARN_ENUM_CONVERSION = YES;
				CLANG_WARN_INFINITE_RECURSION = YES;
				CLANG_WARN_INT_CONVERSION = YES;
				CLANG_WARN_NON_LITERAL_NULL_CONVERSION = YES;
				CLANG_WARN_OBJC_IMPLICIT_RETAIN_SELF = YES;
				CLANG_WARN_OBJC_LITERAL_CONVERSION = YES;
				CLANG_WARN_OBJC_ROOT_CLASS = YES_ERROR;
				CLANG_WARN_QUOTED_INCLUDE_IN_FRAMEWORK_HEADER = YES;
				CLANG_WARN_RANGE_LOOP_ANALYSIS = YES;
				CLANG_WARN_STRICT_PROTOTYPES = YES;
				CLANG_WARN_SUSPICIOUS_MOVE = YES;
				CLANG_WARN_UNGUARDED_AVAILABILITY = YES_AGGRESSIVE;
				CLANG_WARN_UNREACHABLE_CODE = YES;
				CLANG_WARN__DUPLICATE_METHOD_MATCH = YES;
				COPY_PHASE_STRIP = NO;
				DEBUG_INFORMATION_FORMAT = dwarf;
				ENABLE_STRICT_OBJC_MSGSEND = YES;
				ENABLE_TESTABILITY = YES;
				GCC_C_LANGUAGE_STANDARD = gnu11;
				GCC_DYNAMIC_NO_PIC = NO;
				GCC_NO_COMMON_BLOCKS = YES;
				GCC_OPTIMIZATION_LEVEL = 0;
				GCC_PREPROCESSOR_DEFINITIONS = (
					"DEBUG=1",
					"$(inherited)",
				);
				GCC_WARN_64_TO_32_BIT_CONVERSION = YES;
				GCC_WARN_ABOUT_RETURN_TYPE = YES_ERROR;
				GCC_WARN_UNDECLARED_SELECTOR = YES;
				GCC_WARN_UNINITIALIZED_AUTOS = YES_AGGRESSIVE;
				GCC_WARN_UNUSED_FUNCTION = YES;
				GCC_WARN_UNUSED_VARIABLE = YES;
				IPHONEOS_DEPLOYMENT_TARGET = 16.2;
				MTL_ENABLE_DEBUG_INFO = INCLUDE_SOURCE;
				MTL_FAST_MATH = YES;
				ONLY_ACTIVE_ARCH = YES;
				SDKROOT = iphoneos;
				SWIFT_ACTIVE_COMPILATION_CONDITIONS = DEBUG;
				SWIFT_OPTIMIZATION_LEVEL = "-Onone";
			};
			name = Debug;
		};
		A787A0B429EA4A4300B8B9D7 /* Release */ = {
			isa = XCBuildConfiguration;
			buildSettings = {
				ALWAYS_SEARCH_USER_PATHS = NO;
				CLANG_ANALYZER_NONNULL = YES;
				CLANG_ANALYZER_NUMBER_OBJECT_CONVERSION = YES_AGGRESSIVE;
				CLANG_CXX_LANGUAGE_STANDARD = "gnu++20";
				CLANG_ENABLE_MODULES = YES;
				CLANG_ENABLE_OBJC_ARC = YES;
				CLANG_ENABLE_OBJC_WEAK = YES;
				CLANG_WARN_BLOCK_CAPTURE_AUTORELEASING = YES;
				CLANG_WARN_BOOL_CONVERSION = YES;
				CLANG_WARN_COMMA = YES;
				CLANG_WARN_CONSTANT_CONVERSION = YES;
				CLANG_WARN_DEPRECATED_OBJC_IMPLEMENTATIONS = YES;
				CLANG_WARN_DIRECT_OBJC_ISA_USAGE = YES_ERROR;
				CLANG_WARN_DOCUMENTATION_COMMENTS = YES;
				CLANG_WARN_EMPTY_BODY = YES;
				CLANG_WARN_ENUM_CONVERSION = YES;
				CLANG_WARN_INFINITE_RECURSION = YES;
				CLANG_WARN_INT_CONVERSION = YES;
				CLANG_WARN_NON_LITERAL_NULL_CONVERSION = YES;
				CLANG_WARN_OBJC_IMPLICIT_RETAIN_SELF = YES;
				CLANG_WARN_OBJC_LITERAL_CONVERSION = YES;
				CLANG_WARN_OBJC_ROOT_CLASS = YES_ERROR;
				CLANG_WARN_QUOTED_INCLUDE_IN_FRAMEWORK_HEADER = YES;
				CLANG_WARN_RANGE_LOOP_ANALYSIS = YES;
				CLANG_WARN_STRICT_PROTOTYPES = YES;
				CLANG_WARN_SUSPICIOUS_MOVE = YES;
				CLANG_WARN_UNGUARDED_AVAILABILITY = YES_AGGRESSIVE;
				CLANG_WARN_UNREACHABLE_CODE = YES;
				CLANG_WARN__DUPLICATE_METHOD_MATCH = YES;
				COPY_PHASE_STRIP = NO;
				DEBUG_INFORMATION_FORMAT = "dwarf-with-dsym";
				ENABLE_NS_ASSERTIONS = NO;
				ENABLE_STRICT_OBJC_MSGSEND = YES;
				GCC_C_LANGUAGE_STANDARD = gnu11;
				GCC_NO_COMMON_BLOCKS = YES;
				GCC_WARN_64_TO_32_BIT_CONVERSION = YES;
				GCC_WARN_ABOUT_RETURN_TYPE = YES_ERROR;
				GCC_WARN_UNDECLARED_SELECTOR = YES;
				GCC_WARN_UNINITIALIZED_AUTOS = YES_AGGRESSIVE;
				GCC_WARN_UNUSED_FUNCTION = YES;
				GCC_WARN_UNUSED_VARIABLE = YES;
				IPHONEOS_DEPLOYMENT_TARGET = 16.2;
				MTL_ENABLE_DEBUG_INFO = NO;
				MTL_FAST_MATH = YES;
				SDKROOT = iphoneos;
				SWIFT_COMPILATION_MODE = wholemodule;
				SWIFT_OPTIMIZATION_LEVEL = "-O";
				VALIDATE_PRODUCT = YES;
			};
			name = Release;
		};
		A787A0B629EA4A4300B8B9D7 /* Debug */ = {
			isa = XCBuildConfiguration;
			buildSettings = {
				ASSETCATALOG_COMPILER_APPICON_NAME = AppIcon;
				ASSETCATALOG_COMPILER_GLOBAL_ACCENT_COLOR_NAME = AccentColor;
				CODE_SIGN_STYLE = Automatic;
				CURRENT_PROJECT_VERSION = 1;
				DEVELOPMENT_TEAM = 73HT95C5LU;
				GENERATE_INFOPLIST_FILE = YES;
				INFOPLIST_FILE = DemoMVVM/Info.plist;
				INFOPLIST_KEY_UIApplicationSupportsIndirectInputEvents = YES;
				INFOPLIST_KEY_UILaunchStoryboardName = LaunchScreen;
				INFOPLIST_KEY_UIMainStoryboardFile = Main;
				INFOPLIST_KEY_UISupportedInterfaceOrientations_iPad = "UIInterfaceOrientationPortrait UIInterfaceOrientationPortraitUpsideDown UIInterfaceOrientationLandscapeLeft UIInterfaceOrientationLandscapeRight";
				INFOPLIST_KEY_UISupportedInterfaceOrientations_iPhone = "UIInterfaceOrientationPortrait UIInterfaceOrientationLandscapeLeft UIInterfaceOrientationLandscapeRight";
				LD_RUNPATH_SEARCH_PATHS = (
					"$(inherited)",
					"@executable_path/Frameworks",
				);
				MARKETING_VERSION = 1.0;
				PRODUCT_BUNDLE_IDENTIFIER = com.lambao.trainingios.DemoMVVM;
				PRODUCT_NAME = "$(TARGET_NAME)";
				SWIFT_EMIT_LOC_STRINGS = YES;
				SWIFT_VERSION = 5.0;
				TARGETED_DEVICE_FAMILY = "1,2";
			};
			name = Debug;
		};
		A787A0B729EA4A4300B8B9D7 /* Release */ = {
			isa = XCBuildConfiguration;
			buildSettings = {
				ASSETCATALOG_COMPILER_APPICON_NAME = AppIcon;
				ASSETCATALOG_COMPILER_GLOBAL_ACCENT_COLOR_NAME = AccentColor;
				CODE_SIGN_STYLE = Automatic;
				CURRENT_PROJECT_VERSION = 1;
				DEVELOPMENT_TEAM = 73HT95C5LU;
				GENERATE_INFOPLIST_FILE = YES;
				INFOPLIST_FILE = DemoMVVM/Info.plist;
				INFOPLIST_KEY_UIApplicationSupportsIndirectInputEvents = YES;
				INFOPLIST_KEY_UILaunchStoryboardName = LaunchScreen;
				INFOPLIST_KEY_UIMainStoryboardFile = Main;
				INFOPLIST_KEY_UISupportedInterfaceOrientations_iPad = "UIInterfaceOrientationPortrait UIInterfaceOrientationPortraitUpsideDown UIInterfaceOrientationLandscapeLeft UIInterfaceOrientationLandscapeRight";
				INFOPLIST_KEY_UISupportedInterfaceOrientations_iPhone = "UIInterfaceOrientationPortrait UIInterfaceOrientationLandscapeLeft UIInterfaceOrientationLandscapeRight";
				LD_RUNPATH_SEARCH_PATHS = (
					"$(inherited)",
					"@executable_path/Frameworks",
				);
				MARKETING_VERSION = 1.0;
				PRODUCT_BUNDLE_IDENTIFIER = com.lambao.trainingios.DemoMVVM;
				PRODUCT_NAME = "$(TARGET_NAME)";
				SWIFT_EMIT_LOC_STRINGS = YES;
				SWIFT_VERSION = 5.0;
				TARGETED_DEVICE_FAMILY = "1,2";
			};
			name = Release;
		};
/* End XCBuildConfiguration section */

/* Begin XCConfigurationList section */
		A787A09C29EA4A4000B8B9D7 /* Build configuration list for PBXProject "DemoMVVM" */ = {
			isa = XCConfigurationList;
			buildConfigurations = (
				A787A0B329EA4A4300B8B9D7 /* Debug */,
				A787A0B429EA4A4300B8B9D7 /* Release */,
			);
			defaultConfigurationIsVisible = 0;
			defaultConfigurationName = Release;
		};
		A787A0B529EA4A4300B8B9D7 /* Build configuration list for PBXNativeTarget "DemoMVVM" */ = {
			isa = XCConfigurationList;
			buildConfigurations = (
				A787A0B629EA4A4300B8B9D7 /* Debug */,
				A787A0B729EA4A4300B8B9D7 /* Release */,
			);
			defaultConfigurationIsVisible = 0;
			defaultConfigurationName = Release;
		};
/* End XCConfigurationList section */
	};
	rootObject = A787A09929EA4A4000B8B9D7 /* Project object */;
}
